
Microsoft Visual Studio Solution File, Format Version 12.00
# Visual Studio Version 16
VisualStudioVersion = 16.0.31911.196
MinimumVisualStudioVersion = 10.0.40219.1
Project("{9A19103F-16F7-4668-BE54-9A1E7A4F7556}") = "uri_1000", "uri_1000\uri_1000.csproj", "{BBED759F-C297-4326-909B-0BAC73D0E8EC}"
EndProject
Project("{9A19103F-16F7-4668-BE54-9A1E7A4F7556}") = "uri.1001", "uri.1001\uri.1001.csproj", "{C8C28D86-942F-4B00-A74D-EF8093437D6F}"
EndProject
Project("{9A19103F-16F7-4668-BE54-9A1E7A4F7556}") = "uri_1002", "uri_1002\uri_1002.csproj", "{3170162C-8701-47C8-9550-28646328C584}"
EndProject
Project("{9A19103F-16F7-4668-BE54-9A1E7A4F7556}") = "uri_1003", "uri_1003\uri_1003.csproj", "{52D4BE76-871A-4E4F-B4E8-6AC853C4B1E6}"
EndProject
Project("{9A19103F-16F7-4668-BE54-9A1E7A4F7556}") = "uri_1004", "uri_1004\uri_1004.csproj", "{4256BABE-9F5C-47CD-8402-B5CD2EBD410D}"
EndProject
Project("{9A19103F-16F7-4668-BE54-9A1E7A4F7556}") = "uri_1005", "uri_1005\uri_1005.csproj", "{112DF2C7-0F83-452E-80F5-8C9F4ADB4ABD}"
EndProject
Project("{9A19103F-16F7-4668-BE54-9A1E7A4F7556}") = "uri_1006", "uri_1006\uri_1006.csproj", "{252883DA-4B12-4844-9CA5-BF433100CCB5}"
EndProject
Project("{9A19103F-16F7-4668-BE54-9A1E7A4F7556}") = "uri_1007", "uri_1007\uri_1007.csproj", "{61AC436A-465F-4DE0-9A7D-69D308CC3777}"
EndProject
Project("{9A19103F-16F7-4668-BE54-9A1E7A4F7556}") = "uri_1008", "uri_1008\uri_1008.csproj", "{18709367-11EC-4590-A89B-1D83C59A27A9}"
EndProject
Project("{9A19103F-16F7-4668-BE54-9A1E7A4F7556}") = "uri_1009", "uri_1009\uri_1009.csproj", "{E97EE683-8136-47D2-AD8F-01F6754ABBAA}"
EndProject
Project("{9A19103F-16F7-4668-BE54-9A1E7A4F7556}") = "uri_ 1010", "uri_ 1010\uri_ 1010.csproj", "{0CA01236-ACDA-45FA-B6EF-1AA5D561C4B4}"
EndProject
Project("{9A19103F-16F7-4668-BE54-9A1E7A4F7556}") = "uri_1011", "uri_1011\uri_1011.csproj", "{7E19412D-C1D2-4D0B-B31E-CD3C4D93130F}"
EndProject
Project("{9A19103F-16F7-4668-BE54-9A1E7A4F7556}") = "uri_1012", "uri_1012\uri_1012.csproj", "{3D393FB2-8B23-475D-B8E9-3751F61511CA}"
EndProject
Project("{9A19103F-16F7-4668-BE54-9A1E7A4F7556}") = "uri_1013", "uri_1013\uri_1013.csproj", "{FFD27043-2022-496D-9493-C36D0DD35F5B}"
EndProject
Project("{9A19103F-16F7-4668-BE54-9A1E7A4F7556}") = "uri_1014", "uri_1014\uri_1014.csproj", "{7D03DEEE-8AF9-4BA4-BD82-D7DA0BB89AF5}"
EndProject
Project("{9A19103F-16F7-4668-BE54-9A1E7A4F7556}") = "uri_1015", "uri_1015\uri_1015.csproj", "{17BED852-6A12-4ADE-9BF7-34E2E0795FD9}"
EndProject
Project("{9A19103F-16F7-4668-BE54-9A1E7A4F7556}") = "uri_1018", "uri_1018\uri_1018.csproj", "{500389F9-8C57-4C97-9125-26F67560E05D}"
EndProject
Project("{FAE04EC0-301F-11D3-BF4B-00C04F79EFBC}") = "uri_1016", "uri_1016\uri_1016.csproj", "{A1C692F7-C12C-4F8A-8CDB-9E10F8D70E41}"
EndProject
Project("{FAE04EC0-301F-11D3-BF4B-00C04F79EFBC}") = "uri_1017", "uri_1017\uri_1017.csproj", "{8DB7F9CC-110D-423D-9A61-A54D3A4563BA}"
EndProject
Project("{FAE04EC0-301F-11D3-BF4B-00C04F79EFBC}") = "uri_1019", "uri_1019\uri_1019.csproj", "{F0DF62B2-F2F6-4BFF-A874-A9B2ECD0D7E9}"
EndProject
Project("{FAE04EC0-301F-11D3-BF4B-00C04F79EFBC}") = "uri_2020", "uri_2020\uri_2020.csproj", "{AC5B2806-3686-4125-9D08-B6DC0F5747D0}"
EndProject
Project("{FAE04EC0-301F-11D3-BF4B-00C04F79EFBC}") = "uri_2021", "uri_2021\uri_2021.csproj", "{77FF5173-54AD-4024-9745-EABA076E5BB1}"
EndProject
Project("{FAE04EC0-301F-11D3-BF4B-00C04F79EFBC}") = "uri_1022", "uri_1022\uri_1022.csproj", "{B3483EF6-0555-4364-B6D5-81FAB825B3BF}"
EndProject
Project("{FAE04EC0-301F-11D3-BF4B-00C04F79EFBC}") = "uri_1035", "uri_1035\uri_1035.csproj", "{BD2E87CD-5716-426F-80D3-AB0E8BF1D2ED}"
EndProject
Project("{FAE04EC0-301F-11D3-BF4B-00C04F79EFBC}") = "uri_1036", "uri_1036\uri_1036.csproj", "{13BF1C34-4FC4-4995-8E32-8BAA2AE9C983}"
EndProject
Project("{FAE04EC0-301F-11D3-BF4B-00C04F79EFBC}") = "uri_1037", "uri_1037\uri_1037.csproj", "{1FD91FED-A64A-4F85-96B1-971A81611EFC}"
EndProject
Project("{FAE04EC0-301F-11D3-BF4B-00C04F79EFBC}") = "uri_1038", "uri_1038\uri_1038.csproj", "{B39B13C6-E33E-4457-8506-AFF35584E6EC}"
EndProject
Project("{FAE04EC0-301F-11D3-BF4B-00C04F79EFBC}") = "uri_1040", "uri_1040\uri_1040.csproj", "{06A0DD76-68D5-4246-87B9-BDF54903BFC7}"
EndProject
Project("{FAE04EC0-301F-11D3-BF4B-00C04F79EFBC}") = "uri_1041", "uri_1041\uri_1041.csproj", "{7C59C0B5-6CD7-4BA0-8DA8-692689943DC4}"
EndProject
Project("{FAE04EC0-301F-11D3-BF4B-00C04F79EFBC}") = "uri_1042", "uri_1042\uri_1042.csproj", "{3579805F-218F-40FB-A7D4-D1B1C9E2347B}"
EndProject
Project("{FAE04EC0-301F-11D3-BF4B-00C04F79EFBC}") = "uri_1043", "uri_1043\uri_1043.csproj", "{3DC97437-0719-4050-89CE-A75291B81EB9}"
EndProject
Project("{FAE04EC0-301F-11D3-BF4B-00C04F79EFBC}") = "uri_1044", "uri_1044\uri_1044.csproj", "{273726F1-ED44-4C3F-94FA-F35BE3A0944A}"
EndProject
Project("{FAE04EC0-301F-11D3-BF4B-00C04F79EFBC}") = "uri_1020", "uri_1020\uri_1020.csproj", "{2F2CC3E2-2A79-48BF-BB5D-D02FD95212BE}"
EndProject
Project("{FAE04EC0-301F-11D3-BF4B-00C04F79EFBC}") = "uri_1021", "uri_1021\uri_1021.csproj", "{09A2762F-156B-4521-AA40-916047004BEC}"
EndProject
Global
	GlobalSection(SolutionConfigurationPlatforms) = preSolution
		Debug|Any CPU = Debug|Any CPU
		Release|Any CPU = Release|Any CPU
	EndGlobalSection
	GlobalSection(ProjectConfigurationPlatforms) = postSolution
		{BBED759F-C297-4326-909B-0BAC73D0E8EC}.Debug|Any CPU.ActiveCfg = Debug|Any CPU
		{BBED759F-C297-4326-909B-0BAC73D0E8EC}.Debug|Any CPU.Build.0 = Debug|Any CPU
		{BBED759F-C297-4326-909B-0BAC73D0E8EC}.Release|Any CPU.ActiveCfg = Release|Any CPU
		{BBED759F-C297-4326-909B-0BAC73D0E8EC}.Release|Any CPU.Build.0 = Release|Any CPU
		{C8C28D86-942F-4B00-A74D-EF8093437D6F}.Debug|Any CPU.ActiveCfg = Debug|Any CPU
		{C8C28D86-942F-4B00-A74D-EF8093437D6F}.Debug|Any CPU.Build.0 = Debug|Any CPU
		{C8C28D86-942F-4B00-A74D-EF8093437D6F}.Release|Any CPU.ActiveCfg = Release|Any CPU
		{C8C28D86-942F-4B00-A74D-EF8093437D6F}.Release|Any CPU.Build.0 = Release|Any CPU
		{3170162C-8701-47C8-9550-28646328C584}.Debug|Any CPU.ActiveCfg = Debug|Any CPU
		{3170162C-8701-47C8-9550-28646328C584}.Debug|Any CPU.Build.0 = Debug|Any CPU
		{3170162C-8701-47C8-9550-28646328C584}.Release|Any CPU.ActiveCfg = Release|Any CPU
		{3170162C-8701-47C8-9550-28646328C584}.Release|Any CPU.Build.0 = Release|Any CPU
		{52D4BE76-871A-4E4F-B4E8-6AC853C4B1E6}.Debug|Any CPU.ActiveCfg = Debug|Any CPU
		{52D4BE76-871A-4E4F-B4E8-6AC853C4B1E6}.Debug|Any CPU.Build.0 = Debug|Any CPU
		{52D4BE76-871A-4E4F-B4E8-6AC853C4B1E6}.Release|Any CPU.ActiveCfg = Release|Any CPU
		{52D4BE76-871A-4E4F-B4E8-6AC853C4B1E6}.Release|Any CPU.Build.0 = Release|Any CPU
		{4256BABE-9F5C-47CD-8402-B5CD2EBD410D}.Debug|Any CPU.ActiveCfg = Debug|Any CPU
		{4256BABE-9F5C-47CD-8402-B5CD2EBD410D}.Debug|Any CPU.Build.0 = Debug|Any CPU
		{4256BABE-9F5C-47CD-8402-B5CD2EBD410D}.Release|Any CPU.ActiveCfg = Release|Any CPU
		{4256BABE-9F5C-47CD-8402-B5CD2EBD410D}.Release|Any CPU.Build.0 = Release|Any CPU
		{112DF2C7-0F83-452E-80F5-8C9F4ADB4ABD}.Debug|Any CPU.ActiveCfg = Debug|Any CPU
		{112DF2C7-0F83-452E-80F5-8C9F4ADB4ABD}.Debug|Any CPU.Build.0 = Debug|Any CPU
		{112DF2C7-0F83-452E-80F5-8C9F4ADB4ABD}.Release|Any CPU.ActiveCfg = Release|Any CPU
		{112DF2C7-0F83-452E-80F5-8C9F4ADB4ABD}.Release|Any CPU.Build.0 = Release|Any CPU
		{252883DA-4B12-4844-9CA5-BF433100CCB5}.Debug|Any CPU.ActiveCfg = Debug|Any CPU
		{252883DA-4B12-4844-9CA5-BF433100CCB5}.Debug|Any CPU.Build.0 = Debug|Any CPU
		{252883DA-4B12-4844-9CA5-BF433100CCB5}.Release|Any CPU.ActiveCfg = Release|Any CPU
		{252883DA-4B12-4844-9CA5-BF433100CCB5}.Release|Any CPU.Build.0 = Release|Any CPU
		{61AC436A-465F-4DE0-9A7D-69D308CC3777}.Debug|Any CPU.ActiveCfg = Debug|Any CPU
		{61AC436A-465F-4DE0-9A7D-69D308CC3777}.Debug|Any CPU.Build.0 = Debug|Any CPU
		{61AC436A-465F-4DE0-9A7D-69D308CC3777}.Release|Any CPU.ActiveCfg = Release|Any CPU
		{61AC436A-465F-4DE0-9A7D-69D308CC3777}.Release|Any CPU.Build.0 = Release|Any CPU
		{18709367-11EC-4590-A89B-1D83C59A27A9}.Debug|Any CPU.ActiveCfg = Debug|Any CPU
		{18709367-11EC-4590-A89B-1D83C59A27A9}.Debug|Any CPU.Build.0 = Debug|Any CPU
		{18709367-11EC-4590-A89B-1D83C59A27A9}.Release|Any CPU.ActiveCfg = Release|Any CPU
		{18709367-11EC-4590-A89B-1D83C59A27A9}.Release|Any CPU.Build.0 = Release|Any CPU
		{E97EE683-8136-47D2-AD8F-01F6754ABBAA}.Debug|Any CPU.ActiveCfg = Debug|Any CPU
		{E97EE683-8136-47D2-AD8F-01F6754ABBAA}.Debug|Any CPU.Build.0 = Debug|Any CPU
		{E97EE683-8136-47D2-AD8F-01F6754ABBAA}.Release|Any CPU.ActiveCfg = Release|Any CPU
		{E97EE683-8136-47D2-AD8F-01F6754ABBAA}.Release|Any CPU.Build.0 = Release|Any CPU
		{0CA01236-ACDA-45FA-B6EF-1AA5D561C4B4}.Debug|Any CPU.ActiveCfg = Debug|Any CPU
		{0CA01236-ACDA-45FA-B6EF-1AA5D561C4B4}.Debug|Any CPU.Build.0 = Debug|Any CPU
		{0CA01236-ACDA-45FA-B6EF-1AA5D561C4B4}.Release|Any CPU.ActiveCfg = Release|Any CPU
		{0CA01236-ACDA-45FA-B6EF-1AA5D561C4B4}.Release|Any CPU.Build.0 = Release|Any CPU
		{7E19412D-C1D2-4D0B-B31E-CD3C4D93130F}.Debug|Any CPU.ActiveCfg = Debug|Any CPU
		{7E19412D-C1D2-4D0B-B31E-CD3C4D93130F}.Debug|Any CPU.Build.0 = Debug|Any CPU
		{7E19412D-C1D2-4D0B-B31E-CD3C4D93130F}.Release|Any CPU.ActiveCfg = Release|Any CPU
		{7E19412D-C1D2-4D0B-B31E-CD3C4D93130F}.Release|Any CPU.Build.0 = Release|Any CPU
		{3D393FB2-8B23-475D-B8E9-3751F61511CA}.Debug|Any CPU.ActiveCfg = Debug|Any CPU
		{3D393FB2-8B23-475D-B8E9-3751F61511CA}.Debug|Any CPU.Build.0 = Debug|Any CPU
		{3D393FB2-8B23-475D-B8E9-3751F61511CA}.Release|Any CPU.ActiveCfg = Release|Any CPU
		{3D393FB2-8B23-475D-B8E9-3751F61511CA}.Release|Any CPU.Build.0 = Release|Any CPU
		{FFD27043-2022-496D-9493-C36D0DD35F5B}.Debug|Any CPU.ActiveCfg = Debug|Any CPU
		{FFD27043-2022-496D-9493-C36D0DD35F5B}.Debug|Any CPU.Build.0 = Debug|Any CPU
		{FFD27043-2022-496D-9493-C36D0DD35F5B}.Release|Any CPU.ActiveCfg = Release|Any CPU
		{FFD27043-2022-496D-9493-C36D0DD35F5B}.Release|Any CPU.Build.0 = Release|Any CPU
		{7D03DEEE-8AF9-4BA4-BD82-D7DA0BB89AF5}.Debug|Any CPU.ActiveCfg = Debug|Any CPU
		{7D03DEEE-8AF9-4BA4-BD82-D7DA0BB89AF5}.Debug|Any CPU.Build.0 = Debug|Any CPU
		{7D03DEEE-8AF9-4BA4-BD82-D7DA0BB89AF5}.Release|Any CPU.ActiveCfg = Release|Any CPU
		{7D03DEEE-8AF9-4BA4-BD82-D7DA0BB89AF5}.Release|Any CPU.Build.0 = Release|Any CPU
		{17BED852-6A12-4ADE-9BF7-34E2E0795FD9}.Debug|Any CPU.ActiveCfg = Debug|Any CPU
		{17BED852-6A12-4ADE-9BF7-34E2E0795FD9}.Debug|Any CPU.Build.0 = Debug|Any CPU
		{17BED852-6A12-4ADE-9BF7-34E2E0795FD9}.Release|Any CPU.ActiveCfg = Release|Any CPU
		{17BED852-6A12-4ADE-9BF7-34E2E0795FD9}.Release|Any CPU.Build.0 = Release|Any CPU
		{500389F9-8C57-4C97-9125-26F67560E05D}.Debug|Any CPU.ActiveCfg = Debug|Any CPU
		{500389F9-8C57-4C97-9125-26F67560E05D}.Debug|Any CPU.Build.0 = Debug|Any CPU
		{500389F9-8C57-4C97-9125-26F67560E05D}.Release|Any CPU.ActiveCfg = Release|Any CPU
		{500389F9-8C57-4C97-9125-26F67560E05D}.Release|Any CPU.Build.0 = Release|Any CPU
		{A1C692F7-C12C-4F8A-8CDB-9E10F8D70E41}.Debug|Any CPU.ActiveCfg = Debug|Any CPU
		{A1C692F7-C12C-4F8A-8CDB-9E10F8D70E41}.Debug|Any CPU.Build.0 = Debug|Any CPU
		{A1C692F7-C12C-4F8A-8CDB-9E10F8D70E41}.Release|Any CPU.ActiveCfg = Release|Any CPU
		{A1C692F7-C12C-4F8A-8CDB-9E10F8D70E41}.Release|Any CPU.Build.0 = Release|Any CPU
		{8DB7F9CC-110D-423D-9A61-A54D3A4563BA}.Debug|Any CPU.ActiveCfg = Debug|Any CPU
		{8DB7F9CC-110D-423D-9A61-A54D3A4563BA}.Debug|Any CPU.Build.0 = Debug|Any CPU
		{8DB7F9CC-110D-423D-9A61-A54D3A4563BA}.Release|Any CPU.ActiveCfg = Release|Any CPU
		{8DB7F9CC-110D-423D-9A61-A54D3A4563BA}.Release|Any CPU.Build.0 = Release|Any CPU
		{F0DF62B2-F2F6-4BFF-A874-A9B2ECD0D7E9}.Debug|Any CPU.ActiveCfg = Debug|Any CPU
		{F0DF62B2-F2F6-4BFF-A874-A9B2ECD0D7E9}.Debug|Any CPU.Build.0 = Debug|Any CPU
		{F0DF62B2-F2F6-4BFF-A874-A9B2ECD0D7E9}.Release|Any CPU.ActiveCfg = Release|Any CPU
		{F0DF62B2-F2F6-4BFF-A874-A9B2ECD0D7E9}.Release|Any CPU.Build.0 = Release|Any CPU
		{AC5B2806-3686-4125-9D08-B6DC0F5747D0}.Debug|Any CPU.ActiveCfg = Debug|Any CPU
		{AC5B2806-3686-4125-9D08-B6DC0F5747D0}.Debug|Any CPU.Build.0 = Debug|Any CPU
		{AC5B2806-3686-4125-9D08-B6DC0F5747D0}.Release|Any CPU.ActiveCfg = Release|Any CPU
		{AC5B2806-3686-4125-9D08-B6DC0F5747D0}.Release|Any CPU.Build.0 = Release|Any CPU
		{77FF5173-54AD-4024-9745-EABA076E5BB1}.Debug|Any CPU.ActiveCfg = Debug|Any CPU
		{77FF5173-54AD-4024-9745-EABA076E5BB1}.Debug|Any CPU.Build.0 = Debug|Any CPU
		{77FF5173-54AD-4024-9745-EABA076E5BB1}.Release|Any CPU.ActiveCfg = Release|Any CPU
		{77FF5173-54AD-4024-9745-EABA076E5BB1}.Release|Any CPU.Build.0 = Release|Any CPU
		{B3483EF6-0555-4364-B6D5-81FAB825B3BF}.Debug|Any CPU.ActiveCfg = Debug|Any CPU
		{B3483EF6-0555-4364-B6D5-81FAB825B3BF}.Debug|Any CPU.Build.0 = Debug|Any CPU
		{B3483EF6-0555-4364-B6D5-81FAB825B3BF}.Release|Any CPU.ActiveCfg = Release|Any CPU
		{B3483EF6-0555-4364-B6D5-81FAB825B3BF}.Release|Any CPU.Build.0 = Release|Any CPU
		{BD2E87CD-5716-426F-80D3-AB0E8BF1D2ED}.Debug|Any CPU.ActiveCfg = Debug|Any CPU
		{BD2E87CD-5716-426F-80D3-AB0E8BF1D2ED}.Debug|Any CPU.Build.0 = Debug|Any CPU
		{BD2E87CD-5716-426F-80D3-AB0E8BF1D2ED}.Release|Any CPU.ActiveCfg = Release|Any CPU
		{BD2E87CD-5716-426F-80D3-AB0E8BF1D2ED}.Release|Any CPU.Build.0 = Release|Any CPU
		{13BF1C34-4FC4-4995-8E32-8BAA2AE9C983}.Debug|Any CPU.ActiveCfg = Debug|Any CPU
		{13BF1C34-4FC4-4995-8E32-8BAA2AE9C983}.Debug|Any CPU.Build.0 = Debug|Any CPU
		{13BF1C34-4FC4-4995-8E32-8BAA2AE9C983}.Release|Any CPU.ActiveCfg = Release|Any CPU
		{13BF1C34-4FC4-4995-8E32-8BAA2AE9C983}.Release|Any CPU.Build.0 = Release|Any CPU
		{1FD91FED-A64A-4F85-96B1-971A81611EFC}.Debug|Any CPU.ActiveCfg = Debug|Any CPU
		{1FD91FED-A64A-4F85-96B1-971A81611EFC}.Debug|Any CPU.Build.0 = Debug|Any CPU
		{1FD91FED-A64A-4F85-96B1-971A81611EFC}.Release|Any CPU.ActiveCfg = Release|Any CPU
		{1FD91FED-A64A-4F85-96B1-971A81611EFC}.Release|Any CPU.Build.0 = Release|Any CPU
		{B39B13C6-E33E-4457-8506-AFF35584E6EC}.Debug|Any CPU.ActiveCfg = Debug|Any CPU
		{B39B13C6-E33E-4457-8506-AFF35584E6EC}.Debug|Any CPU.Build.0 = Debug|Any CPU
		{B39B13C6-E33E-4457-8506-AFF35584E6EC}.Release|Any CPU.ActiveCfg = Release|Any CPU
		{B39B13C6-E33E-4457-8506-AFF35584E6EC}.Release|Any CPU.Build.0 = Release|Any CPU
		{06A0DD76-68D5-4246-87B9-BDF54903BFC7}.Debug|Any CPU.ActiveCfg = Debug|Any CPU
		{06A0DD76-68D5-4246-87B9-BDF54903BFC7}.Debug|Any CPU.Build.0 = Debug|Any CPU
		{06A0DD76-68D5-4246-87B9-BDF54903BFC7}.Release|Any CPU.ActiveCfg = Release|Any CPU
		{06A0DD76-68D5-4246-87B9-BDF54903BFC7}.Release|Any CPU.Build.0 = Release|Any CPU
		{7C59C0B5-6CD7-4BA0-8DA8-692689943DC4}.Debug|Any CPU.ActiveCfg = Debug|Any CPU
		{7C59C0B5-6CD7-4BA0-8DA8-692689943DC4}.Debug|Any CPU.Build.0 = Debug|Any CPU
		{7C59C0B5-6CD7-4BA0-8DA8-692689943DC4}.Release|Any CPU.ActiveCfg = Release|Any CPU
		{7C59C0B5-6CD7-4BA0-8DA8-692689943DC4}.Release|Any CPU.Build.0 = Release|Any CPU
		{3579805F-218F-40FB-A7D4-D1B1C9E2347B}.Debug|Any CPU.ActiveCfg = Debug|Any CPU
		{3579805F-218F-40FB-A7D4-D1B1C9E2347B}.Debug|Any CPU.Build.0 = Debug|Any CPU
		{3579805F-218F-40FB-A7D4-D1B1C9E2347B}.Release|Any CPU.ActiveCfg = Release|Any CPU
		{3579805F-218F-40FB-A7D4-D1B1C9E2347B}.Release|Any CPU.Build.0 = Release|Any CPU
		{3DC97437-0719-4050-89CE-A75291B81EB9}.Debug|Any CPU.ActiveCfg = Debug|Any CPU
		{3DC97437-0719-4050-89CE-A75291B81EB9}.Debug|Any CPU.Build.0 = Debug|Any CPU
		{3DC97437-0719-4050-89CE-A75291B81EB9}.Release|Any CPU.ActiveCfg = Release|Any CPU
		{3DC97437-0719-4050-89CE-A75291B81EB9}.Release|Any CPU.Build.0 = Release|Any CPU
		{273726F1-ED44-4C3F-94FA-F35BE3A0944A}.Debug|Any CPU.ActiveCfg = Debug|Any CPU
		{273726F1-ED44-4C3F-94FA-F35BE3A0944A}.Debug|Any CPU.Build.0 = Debug|Any CPU
		{273726F1-ED44-4C3F-94FA-F35BE3A0944A}.Release|Any CPU.ActiveCfg = Release|Any CPU
		{273726F1-ED44-4C3F-94FA-F35BE3A0944A}.Release|Any CPU.Build.0 = Release|Any CPU
		{2F2CC3E2-2A79-48BF-BB5D-D02FD95212BE}.Debug|Any CPU.ActiveCfg = Debug|Any CPU
		{2F2CC3E2-2A79-48BF-BB5D-D02FD95212BE}.Debug|Any CPU.Build.0 = Debug|Any CPU
		{2F2CC3E2-2A79-48BF-BB5D-D02FD95212BE}.Release|Any CPU.ActiveCfg = Release|Any CPU
		{2F2CC3E2-2A79-48BF-BB5D-D02FD95212BE}.Release|Any CPU.Build.0 = Release|Any CPU
		{09A2762F-156B-4521-AA40-916047004BEC}.Debug|Any CPU.ActiveCfg = Debug|Any CPU
		{09A2762F-156B-4521-AA40-916047004BEC}.Debug|Any CPU.Build.0 = Debug|Any CPU
		{09A2762F-156B-4521-AA40-916047004BEC}.Release|Any CPU.ActiveCfg = Release|Any CPU
		{09A2762F-156B-4521-AA40-916047004BEC}.Release|Any CPU.Build.0 = Release|Any CPU
	EndGlobalSection
	GlobalSection(SolutionProperties) = preSolution
		HideSolutionNode = FALSE
	EndGlobalSection
	GlobalSection(ExtensibilityGlobals) = postSolution
		SolutionGuid = {62BF2F6D-08D7-48FD-94DC-69808183A088}
	EndGlobalSection
EndGlobal
