
Microsoft Visual Studio Solution File, Format Version 12.00
# Visual Studio Version 16
VisualStudioVersion = 16.0.31911.196
MinimumVisualStudioVersion = 10.0.40219.1
Project("{9A19103F-16F7-4668-BE54-9A1E7A4F7556}") = "uri_1000", "uri_1000\uri_1000.csproj", "{BBED759F-C297-4326-909B-0BAC73D0E8EC}"
EndProject
Project("{9A19103F-16F7-4668-BE54-9A1E7A4F7556}") = "uri.1001", "uri.1001\uri.1001.csproj", "{C8C28D86-942F-4B00-A74D-EF8093437D6F}"
EndProject
Project("{9A19103F-16F7-4668-BE54-9A1E7A4F7556}") = "uri_1002", "uri_1002\uri_1002.csproj", "{3170162C-8701-47C8-9550-28646328C584}"
EndProject
Project("{9A19103F-16F7-4668-BE54-9A1E7A4F7556}") = "uri_1003", "uri_1003\uri_1003.csproj", "{52D4BE76-871A-4E4F-B4E8-6AC853C4B1E6}"
EndProject
Project("{9A19103F-16F7-4668-BE54-9A1E7A4F7556}") = "uri_1004", "uri_1004\uri_1004.csproj", "{4256BABE-9F5C-47CD-8402-B5CD2EBD410D}"
EndProject
Project("{9A19103F-16F7-4668-BE54-9A1E7A4F7556}") = "uri_1005", "uri_1005\uri_1005.csproj", "{112DF2C7-0F83-452E-80F5-8C9F4ADB4ABD}"
EndProject
Project("{9A19103F-16F7-4668-BE54-9A1E7A4F7556}") = "uri_1006", "uri_1006\uri_1006.csproj", "{252883DA-4B12-4844-9CA5-BF433100CCB5}"
EndProject
Project("{9A19103F-16F7-4668-BE54-9A1E7A4F7556}") = "uri_1007", "uri_1007\uri_1007.csproj", "{61AC436A-465F-4DE0-9A7D-69D308CC3777}"
EndProject
Project("{9A19103F-16F7-4668-BE54-9A1E7A4F7556}") = "uri_1008", "uri_1008\uri_1008.csproj", "{18709367-11EC-4590-A89B-1D83C59A27A9}"
EndProject
Project("{9A19103F-16F7-4668-BE54-9A1E7A4F7556}") = "uri_1009", "uri_1009\uri_1009.csproj", "{E97EE683-8136-47D2-AD8F-01F6754ABBAA}"
EndProject
Project("{9A19103F-16F7-4668-BE54-9A1E7A4F7556}") = "uri_ 1010", "uri_ 1010\uri_ 1010.csproj", "{0CA01236-ACDA-45FA-B6EF-1AA5D561C4B4}"
EndProject
Project("{9A19103F-16F7-4668-BE54-9A1E7A4F7556}") = "uri_1011", "uri_1011\uri_1011.csproj", "{7E19412D-C1D2-4D0B-B31E-CD3C4D93130F}"
EndProject
Project("{9A19103F-16F7-4668-BE54-9A1E7A4F7556}") = "uri_1012", "uri_1012\uri_1012.csproj", "{3D393FB2-8B23-475D-B8E9-3751F61511CA}"
EndProject
Project("{FAE04EC0-301F-11D3-BF4B-00C04F79EFBC}") = "uri_1013", "uri_1013\uri_1013.csproj", "{FFD27043-2022-496D-9493-C36D0DD35F5B}"
EndProject
Project("{FAE04EC0-301F-11D3-BF4B-00C04F79EFBC}") = "uri_1014", "uri_1014\uri_1014.csproj", "{7D03DEEE-8AF9-4BA4-BD82-D7DA0BB89AF5}"
EndProject
Global
	GlobalSection(SolutionConfigurationPlatforms) = preSolution
		Debug|Any CPU = Debug|Any CPU
		Release|Any CPU = Release|Any CPU
	EndGlobalSection
	GlobalSection(ProjectConfigurationPlatforms) = postSolution
		{BBED759F-C297-4326-909B-0BAC73D0E8EC}.Debug|Any CPU.ActiveCfg = Debug|Any CPU
		{BBED759F-C297-4326-909B-0BAC73D0E8EC}.Debug|Any CPU.Build.0 = Debug|Any CPU
		{BBED759F-C297-4326-909B-0BAC73D0E8EC}.Release|Any CPU.ActiveCfg = Release|Any CPU
		{BBED759F-C297-4326-909B-0BAC73D0E8EC}.Release|Any CPU.Build.0 = Release|Any CPU
		{C8C28D86-942F-4B00-A74D-EF8093437D6F}.Debug|Any CPU.ActiveCfg = Debug|Any CPU
		{C8C28D86-942F-4B00-A74D-EF8093437D6F}.Debug|Any CPU.Build.0 = Debug|Any CPU
		{C8C28D86-942F-4B00-A74D-EF8093437D6F}.Release|Any CPU.ActiveCfg = Release|Any CPU
		{C8C28D86-942F-4B00-A74D-EF8093437D6F}.Release|Any CPU.Build.0 = Release|Any CPU
		{3170162C-8701-47C8-9550-28646328C584}.Debug|Any CPU.ActiveCfg = Debug|Any CPU
		{3170162C-8701-47C8-9550-28646328C584}.Debug|Any CPU.Build.0 = Debug|Any CPU
		{3170162C-8701-47C8-9550-28646328C584}.Release|Any CPU.ActiveCfg = Release|Any CPU
		{3170162C-8701-47C8-9550-28646328C584}.Release|Any CPU.Build.0 = Release|Any CPU
		{52D4BE76-871A-4E4F-B4E8-6AC853C4B1E6}.Debug|Any CPU.ActiveCfg = Debug|Any CPU
		{52D4BE76-871A-4E4F-B4E8-6AC853C4B1E6}.Debug|Any CPU.Build.0 = Debug|Any CPU
		{52D4BE76-871A-4E4F-B4E8-6AC853C4B1E6}.Release|Any CPU.ActiveCfg = Release|Any CPU
		{52D4BE76-871A-4E4F-B4E8-6AC853C4B1E6}.Release|Any CPU.Build.0 = Release|Any CPU
		{4256BABE-9F5C-47CD-8402-B5CD2EBD410D}.Debug|Any CPU.ActiveCfg = Debug|Any CPU
		{4256BABE-9F5C-47CD-8402-B5CD2EBD410D}.Debug|Any CPU.Build.0 = Debug|Any CPU
		{4256BABE-9F5C-47CD-8402-B5CD2EBD410D}.Release|Any CPU.ActiveCfg = Release|Any CPU
		{4256BABE-9F5C-47CD-8402-B5CD2EBD410D}.Release|Any CPU.Build.0 = Release|Any CPU
		{112DF2C7-0F83-452E-80F5-8C9F4ADB4ABD}.Debug|Any CPU.ActiveCfg = Debug|Any CPU
		{112DF2C7-0F83-452E-80F5-8C9F4ADB4ABD}.Debug|Any CPU.Build.0 = Debug|Any CPU
		{112DF2C7-0F83-452E-80F5-8C9F4ADB4ABD}.Release|Any CPU.ActiveCfg = Release|Any CPU
		{112DF2C7-0F83-452E-80F5-8C9F4ADB4ABD}.Release|Any CPU.Build.0 = Release|Any CPU
		{252883DA-4B12-4844-9CA5-BF433100CCB5}.Debug|Any CPU.ActiveCfg = Debug|Any CPU
		{252883DA-4B12-4844-9CA5-BF433100CCB5}.Debug|Any CPU.Build.0 = Debug|Any CPU
		{252883DA-4B12-4844-9CA5-BF433100CCB5}.Release|Any CPU.ActiveCfg = Release|Any CPU
		{252883DA-4B12-4844-9CA5-BF433100CCB5}.Release|Any CPU.Build.0 = Release|Any CPU
		{61AC436A-465F-4DE0-9A7D-69D308CC3777}.Debug|Any CPU.ActiveCfg = Debug|Any CPU
		{61AC436A-465F-4DE0-9A7D-69D308CC3777}.Debug|Any CPU.Build.0 = Debug|Any CPU
		{61AC436A-465F-4DE0-9A7D-69D308CC3777}.Release|Any CPU.ActiveCfg = Release|Any CPU
		{61AC436A-465F-4DE0-9A7D-69D308CC3777}.Release|Any CPU.Build.0 = Release|Any CPU
		{18709367-11EC-4590-A89B-1D83C59A27A9}.Debug|Any CPU.ActiveCfg = Debug|Any CPU
		{18709367-11EC-4590-A89B-1D83C59A27A9}.Debug|Any CPU.Build.0 = Debug|Any CPU
		{18709367-11EC-4590-A89B-1D83C59A27A9}.Release|Any CPU.ActiveCfg = Release|Any CPU
		{18709367-11EC-4590-A89B-1D83C59A27A9}.Release|Any CPU.Build.0 = Release|Any CPU
		{E97EE683-8136-47D2-AD8F-01F6754ABBAA}.Debug|Any CPU.ActiveCfg = Debug|Any CPU
		{E97EE683-8136-47D2-AD8F-01F6754ABBAA}.Debug|Any CPU.Build.0 = Debug|Any CPU
		{E97EE683-8136-47D2-AD8F-01F6754ABBAA}.Release|Any CPU.ActiveCfg = Release|Any CPU
		{E97EE683-8136-47D2-AD8F-01F6754ABBAA}.Release|Any CPU.Build.0 = Release|Any CPU
		{0CA01236-ACDA-45FA-B6EF-1AA5D561C4B4}.Debug|Any CPU.ActiveCfg = Debug|Any CPU
		{0CA01236-ACDA-45FA-B6EF-1AA5D561C4B4}.Debug|Any CPU.Build.0 = Debug|Any CPU
		{0CA01236-ACDA-45FA-B6EF-1AA5D561C4B4}.Release|Any CPU.ActiveCfg = Release|Any CPU
		{0CA01236-ACDA-45FA-B6EF-1AA5D561C4B4}.Release|Any CPU.Build.0 = Release|Any CPU
		{7E19412D-C1D2-4D0B-B31E-CD3C4D93130F}.Debug|Any CPU.ActiveCfg = Debug|Any CPU
		{7E19412D-C1D2-4D0B-B31E-CD3C4D93130F}.Debug|Any CPU.Build.0 = Debug|Any CPU
		{7E19412D-C1D2-4D0B-B31E-CD3C4D93130F}.Release|Any CPU.ActiveCfg = Release|Any CPU
		{7E19412D-C1D2-4D0B-B31E-CD3C4D93130F}.Release|Any CPU.Build.0 = Release|Any CPU
		{3D393FB2-8B23-475D-B8E9-3751F61511CA}.Debug|Any CPU.ActiveCfg = Debug|Any CPU
		{3D393FB2-8B23-475D-B8E9-3751F61511CA}.Debug|Any CPU.Build.0 = Debug|Any CPU
		{3D393FB2-8B23-475D-B8E9-3751F61511CA}.Release|Any CPU.ActiveCfg = Release|Any CPU
		{3D393FB2-8B23-475D-B8E9-3751F61511CA}.Release|Any CPU.Build.0 = Release|Any CPU
		{FFD27043-2022-496D-9493-C36D0DD35F5B}.Debug|Any CPU.ActiveCfg = Debug|Any CPU
		{FFD27043-2022-496D-9493-C36D0DD35F5B}.Debug|Any CPU.Build.0 = Debug|Any CPU
		{FFD27043-2022-496D-9493-C36D0DD35F5B}.Release|Any CPU.ActiveCfg = Release|Any CPU
		{FFD27043-2022-496D-9493-C36D0DD35F5B}.Release|Any CPU.Build.0 = Release|Any CPU
		{7D03DEEE-8AF9-4BA4-BD82-D7DA0BB89AF5}.Debug|Any CPU.ActiveCfg = Debug|Any CPU
		{7D03DEEE-8AF9-4BA4-BD82-D7DA0BB89AF5}.Debug|Any CPU.Build.0 = Debug|Any CPU
		{7D03DEEE-8AF9-4BA4-BD82-D7DA0BB89AF5}.Release|Any CPU.ActiveCfg = Release|Any CPU
		{7D03DEEE-8AF9-4BA4-BD82-D7DA0BB89AF5}.Release|Any CPU.Build.0 = Release|Any CPU
	EndGlobalSection
	GlobalSection(SolutionProperties) = preSolution
		HideSolutionNode = FALSE
	EndGlobalSection
	GlobalSection(ExtensibilityGlobals) = postSolution
		SolutionGuid = {62BF2F6D-08D7-48FD-94DC-69808183A088}
	EndGlobalSection
EndGlobal
