
Microsoft Visual Studio Solution File, Format Version 12.00
# Visual Studio Version 16
VisualStudioVersion = 16.0.31911.196
MinimumVisualStudioVersion = 10.0.40219.1
Project("{FAE04EC0-301F-11D3-BF4B-00C04F79EFBC}") = "uri_1000", "uri_1000\uri_1000.csproj", "{BBED759F-C297-4326-909B-0BAC73D0E8EC}"
EndProject
Project("{FAE04EC0-301F-11D3-BF4B-00C04F79EFBC}") = "uri.1001", "uri.1001\uri.1001.csproj", "{C8C28D86-942F-4B00-A74D-EF8093437D6F}"
EndProject
Project("{FAE04EC0-301F-11D3-BF4B-00C04F79EFBC}") = "uri_1002", "uri_1002\uri_1002.csproj", "{3170162C-8701-47C8-9550-28646328C584}"
EndProject
Project("{FAE04EC0-301F-11D3-BF4B-00C04F79EFBC}") = "uri_1003", "uri_1003\uri_1003.csproj", "{52D4BE76-871A-4E4F-B4E8-6AC853C4B1E6}"
EndProject
Project("{FAE04EC0-301F-11D3-BF4B-00C04F79EFBC}") = "uri_1004", "uri_1004\uri_1004.csproj", "{4256BABE-9F5C-47CD-8402-B5CD2EBD410D}"
EndProject
Global
	GlobalSection(SolutionConfigurationPlatforms) = preSolution
		Debug|Any CPU = Debug|Any CPU
		Release|Any CPU = Release|Any CPU
	EndGlobalSection
	GlobalSection(ProjectConfigurationPlatforms) = postSolution
		{BBED759F-C297-4326-909B-0BAC73D0E8EC}.Debug|Any CPU.ActiveCfg = Debug|Any CPU
		{BBED759F-C297-4326-909B-0BAC73D0E8EC}.Debug|Any CPU.Build.0 = Debug|Any CPU
		{BBED759F-C297-4326-909B-0BAC73D0E8EC}.Release|Any CPU.ActiveCfg = Release|Any CPU
		{BBED759F-C297-4326-909B-0BAC73D0E8EC}.Release|Any CPU.Build.0 = Release|Any CPU
		{C8C28D86-942F-4B00-A74D-EF8093437D6F}.Debug|Any CPU.ActiveCfg = Debug|Any CPU
		{C8C28D86-942F-4B00-A74D-EF8093437D6F}.Debug|Any CPU.Build.0 = Debug|Any CPU
		{C8C28D86-942F-4B00-A74D-EF8093437D6F}.Release|Any CPU.ActiveCfg = Release|Any CPU
		{C8C28D86-942F-4B00-A74D-EF8093437D6F}.Release|Any CPU.Build.0 = Release|Any CPU
		{3170162C-8701-47C8-9550-28646328C584}.Debug|Any CPU.ActiveCfg = Debug|Any CPU
		{3170162C-8701-47C8-9550-28646328C584}.Debug|Any CPU.Build.0 = Debug|Any CPU
		{3170162C-8701-47C8-9550-28646328C584}.Release|Any CPU.ActiveCfg = Release|Any CPU
		{3170162C-8701-47C8-9550-28646328C584}.Release|Any CPU.Build.0 = Release|Any CPU
		{52D4BE76-871A-4E4F-B4E8-6AC853C4B1E6}.Debug|Any CPU.ActiveCfg = Debug|Any CPU
		{52D4BE76-871A-4E4F-B4E8-6AC853C4B1E6}.Debug|Any CPU.Build.0 = Debug|Any CPU
		{52D4BE76-871A-4E4F-B4E8-6AC853C4B1E6}.Release|Any CPU.ActiveCfg = Release|Any CPU
		{52D4BE76-871A-4E4F-B4E8-6AC853C4B1E6}.Release|Any CPU.Build.0 = Release|Any CPU
		{4256BABE-9F5C-47CD-8402-B5CD2EBD410D}.Debug|Any CPU.ActiveCfg = Debug|Any CPU
		{4256BABE-9F5C-47CD-8402-B5CD2EBD410D}.Debug|Any CPU.Build.0 = Debug|Any CPU
		{4256BABE-9F5C-47CD-8402-B5CD2EBD410D}.Release|Any CPU.ActiveCfg = Release|Any CPU
		{4256BABE-9F5C-47CD-8402-B5CD2EBD410D}.Release|Any CPU.Build.0 = Release|Any CPU
	EndGlobalSection
	GlobalSection(SolutionProperties) = preSolution
		HideSolutionNode = FALSE
	EndGlobalSection
	GlobalSection(ExtensibilityGlobals) = postSolution
		SolutionGuid = {62BF2F6D-08D7-48FD-94DC-69808183A088}
	EndGlobalSection
EndGlobal
